<?xml version="1.0" encoding="utf-8"?>
<Project ToolsVersion="4.0" xmlns="http://schemas.microsoft.com/developer/msbuild/2003">
  <ItemGroup>
    <Filter Include="Source Files">
      <UniqueIdentifier>{4FC737F1-C7A5-4376-A066-2A32D752A2FF}</UniqueIdentifier>
      <Extensions>cpp;c;cc;cxx;c++;cppm;ixx;def;odl;idl;hpj;bat;asm;asmx</Extensions>
    </Filter>
    <Filter Include="Header Files">
      <UniqueIdentifier>{93995380-89BD-4b04-88EB-625FBE52EBFB}</UniqueIdentifier>
      <Extensions>h;hh;hpp;hxx;h++;hm;inl;inc;ipp;xsd</Extensions>
    </Filter>
    <Filter Include="Resource Files">
      <UniqueIdentifier>{67DA6AB6-F800-4c08-8B7A-83BB121AAD01}</UniqueIdentifier>
      <Extensions>rc;ico;cur;bmp;dlg;rc2;rct;bin;rgs;gif;jpg;jpeg;jpe;resx;tiff;tif;png;wav;mfcribbon-ms</Extensions>
    </Filter>
    <Filter Include="Header Files\sfml_interfacing">
      <UniqueIdentifier>{a9e7e349-a126-4544-b4e3-ca4dc262b562}</UniqueIdentifier>
    </Filter>
    <Filter Include="Header Files\ecs">
      <UniqueIdentifier>{07ebaf43-1c24-4320-a12b-bc2cb795b426}</UniqueIdentifier>
    </Filter>
    <Filter Include="Header Files\ecs\systems">
      <UniqueIdentifier>{c3fc9104-d37d-4913-bf25-ce9e5cdae0ca}</UniqueIdentifier>
    </Filter>
    <Filter Include="Header Files\ecs\components">
      <UniqueIdentifier>{f014dbf8-1d6d-41e0-86b0-48a4a9940ea3}</UniqueIdentifier>
    </Filter>
    <Filter Include="Header Files\types">
      <UniqueIdentifier>{7f2aac7e-464d-455d-8dcb-cf64d900417e}</UniqueIdentifier>
    </Filter>
    <Filter Include="Header Files\ecs\systems\draw">
      <UniqueIdentifier>{ee466855-4e5b-4d10-89b1-7526c9653888}</UniqueIdentifier>
    </Filter>
  </ItemGroup>
  <ItemGroup>
    <ClCompile Include="Main.cpp">
      <Filter>Source Files</Filter>
    </ClCompile>
    <ClCompile Include="Fakemain.cpp">
      <Filter>Source Files</Filter>
    </ClCompile>
    <ClCompile Include="enttmain.cpp">
      <Filter>Source Files</Filter>
    </ClCompile>
  </ItemGroup>
  <ItemGroup>
    <ClInclude Include="Loop.h">
      <Filter>Header Files</Filter>
    </ClInclude>
    <ClInclude Include="Scene.h">
      <Filter>Header Files</Filter>
    </ClInclude>
    <ClInclude Include="Window.h">
      <Filter>Header Files</Filter>
    </ClInclude>
    <ClInclude Include="attempt_scene.h">
      <Filter>Header Files</Filter>
    </ClInclude>
    <ClInclude Include="ecs\components\bad_draw.h">
      <Filter>Header Files\ecs\components</Filter>
    </ClInclude>
    <ClInclude Include="ecs\components\collision.h">
      <Filter>Header Files\ecs\components</Filter>
    </ClInclude>
    <ClInclude Include="ecs\components\spatial.h">
      <Filter>Header Files\ecs\components</Filter>
    </ClInclude>
    <ClInclude Include="ecs\systems\draw.h">
      <Filter>Header Files\ecs\systems</Filter>
    </ClInclude>
    <ClInclude Include="ecs\systems\move.h">
      <Filter>Header Files\ecs\systems</Filter>
    </ClInclude>
    <ClInclude Include="ecs\systems\collision.h">
      <Filter>Header Files\ecs\systems</Filter>
    </ClInclude>
    <ClInclude Include="ecs\entt.h">
      <Filter>Header Files\ecs</Filter>
    </ClInclude>
    <ClInclude Include="ecs\exceptions.h">
      <Filter>Header Files\ecs</Filter>
    </ClInclude>
    <ClInclude Include="ecs\components\component.h">
      <Filter>Header Files\ecs\components</Filter>
    </ClInclude>
    <ClInclude Include="types\shapes.h">
      <Filter>Header Files\types</Filter>
    </ClInclude>
    <ClInclude Include="types\core.h">
      <Filter>Header Files\types</Filter>
    </ClInclude>
    <ClInclude Include="entity.h">
      <Filter>Header Files</Filter>
    </ClInclude>
    <ClInclude Include="Systems_manager.h">
      <Filter>Header Files</Filter>
    </ClInclude>
    <ClInclude Include="ecs\systems\draw\colliders.h">
      <Filter>Header Files\ecs\systems\draw</Filter>
    </ClInclude>
    <ClInclude Include="ecs\systems\system.h">
      <Filter>Header Files\ecs\systems</Filter>
    </ClInclude>
    <ClInclude Include="input.h">
      <Filter>Header Files</Filter>
    </ClInclude>
    <ClInclude Include="input_enums.h">
      <Filter>Header Files</Filter>
    </ClInclude>
  </ItemGroup>
</Project>